
Microsoft Visual Studio Solution File, Format Version 12.00
# Visual Studio 15
VisualStudioVersion = 15.0.26730.16
MinimumVisualStudioVersion = 10.0.40219.1
Project("{FAE04EC0-301F-11D3-BF4B-00C04F79EFBC}") = "SplashScreenDemo.Android", "SplashScreenDemo\SplashScreenDemo.Android\SplashScreenDemo.Android.csproj", "{612F96C3-3EBD-4C13-9D4B-CB8CD78B5EBE}"
EndProject
Project("{FAE04EC0-301F-11D3-BF4B-00C04F79EFBC}") = "SplashScreenDemo", "SplashScreenDemo\SplashScreenDemo\SplashScreenDemo.csproj", "{92E6F647-9E8E-4485-8047-3A85959B2099}"
EndProject
Project("{FAE04EC0-301F-11D3-BF4B-00C04F79EFBC}") = "SplashScreenDemo.UWP", "SplashScreenDemo\SplashScreenDemo.UWP\SplashScreenDemo.UWP.csproj", "{F16F91FB-3784-4CB7-B48E-65AFB0D70461}"
EndProject
Project("{FAE04EC0-301F-11D3-BF4B-00C04F79EFBC}") = "SplashScreenDemo.iOS", "SplashScreenDemo\SplashScreenDemo.iOS\SplashScreenDemo.iOS.csproj", "{29498C3A-F12A-4FF0-8062-43314056671E}"
EndProject
Global
	GlobalSection(SolutionConfigurationPlatforms) = preSolution
		Ad-Hoc|Any CPU = Ad-Hoc|Any CPU
		Ad-Hoc|ARM = Ad-Hoc|ARM
		Ad-Hoc|iPhone = Ad-Hoc|iPhone
		Ad-Hoc|iPhoneSimulator = Ad-Hoc|iPhoneSimulator
		Ad-Hoc|x64 = Ad-Hoc|x64
		Ad-Hoc|x86 = Ad-Hoc|x86
		AppStore|Any CPU = AppStore|Any CPU
		AppStore|ARM = AppStore|ARM
		AppStore|iPhone = AppStore|iPhone
		AppStore|iPhoneSimulator = AppStore|iPhoneSimulator
		AppStore|x64 = AppStore|x64
		AppStore|x86 = AppStore|x86
		Debug|Any CPU = Debug|Any CPU
		Debug|ARM = Debug|ARM
		Debug|iPhone = Debug|iPhone
		Debug|iPhoneSimulator = Debug|iPhoneSimulator
		Debug|x64 = Debug|x64
		Debug|x86 = Debug|x86
		Release|Any CPU = Release|Any CPU
		Release|ARM = Release|ARM
		Release|iPhone = Release|iPhone
		Release|iPhoneSimulator = Release|iPhoneSimulator
		Release|x64 = Release|x64
		Release|x86 = Release|x86
	EndGlobalSection
	GlobalSection(ProjectConfigurationPlatforms) = postSolution
		{612F96C3-3EBD-4C13-9D4B-CB8CD78B5EBE}.Ad-Hoc|Any CPU.ActiveCfg = Release|Any CPU
		{612F96C3-3EBD-4C13-9D4B-CB8CD78B5EBE}.Ad-Hoc|Any CPU.Build.0 = Release|Any CPU
		{612F96C3-3EBD-4C13-9D4B-CB8CD78B5EBE}.Ad-Hoc|Any CPU.Deploy.0 = Release|Any CPU
		{612F96C3-3EBD-4C13-9D4B-CB8CD78B5EBE}.Ad-Hoc|ARM.ActiveCfg = Release|Any CPU
		{612F96C3-3EBD-4C13-9D4B-CB8CD78B5EBE}.Ad-Hoc|ARM.Build.0 = Release|Any CPU
		{612F96C3-3EBD-4C13-9D4B-CB8CD78B5EBE}.Ad-Hoc|ARM.Deploy.0 = Release|Any CPU
		{612F96C3-3EBD-4C13-9D4B-CB8CD78B5EBE}.Ad-Hoc|iPhone.ActiveCfg = Release|Any CPU
		{612F96C3-3EBD-4C13-9D4B-CB8CD78B5EBE}.Ad-Hoc|iPhone.Build.0 = Release|Any CPU
		{612F96C3-3EBD-4C13-9D4B-CB8CD78B5EBE}.Ad-Hoc|iPhone.Deploy.0 = Release|Any CPU
		{612F96C3-3EBD-4C13-9D4B-CB8CD78B5EBE}.Ad-Hoc|iPhoneSimulator.ActiveCfg = Release|Any CPU
		{612F96C3-3EBD-4C13-9D4B-CB8CD78B5EBE}.Ad-Hoc|iPhoneSimulator.Build.0 = Release|Any CPU
		{612F96C3-3EBD-4C13-9D4B-CB8CD78B5EBE}.Ad-Hoc|iPhoneSimulator.Deploy.0 = Release|Any CPU
		{612F96C3-3EBD-4C13-9D4B-CB8CD78B5EBE}.Ad-Hoc|x64.ActiveCfg = Release|Any CPU
		{612F96C3-3EBD-4C13-9D4B-CB8CD78B5EBE}.Ad-Hoc|x64.Build.0 = Release|Any CPU
		{612F96C3-3EBD-4C13-9D4B-CB8CD78B5EBE}.Ad-Hoc|x64.Deploy.0 = Release|Any CPU
		{612F96C3-3EBD-4C13-9D4B-CB8CD78B5EBE}.Ad-Hoc|x86.ActiveCfg = Release|Any CPU
		{612F96C3-3EBD-4C13-9D4B-CB8CD78B5EBE}.Ad-Hoc|x86.Build.0 = Release|Any CPU
		{612F96C3-3EBD-4C13-9D4B-CB8CD78B5EBE}.Ad-Hoc|x86.Deploy.0 = Release|Any CPU
		{612F96C3-3EBD-4C13-9D4B-CB8CD78B5EBE}.AppStore|Any CPU.ActiveCfg = Release|Any CPU
		{612F96C3-3EBD-4C13-9D4B-CB8CD78B5EBE}.AppStore|Any CPU.Build.0 = Release|Any CPU
		{612F96C3-3EBD-4C13-9D4B-CB8CD78B5EBE}.AppStore|Any CPU.Deploy.0 = Release|Any CPU
		{612F96C3-3EBD-4C13-9D4B-CB8CD78B5EBE}.AppStore|ARM.ActiveCfg = Release|Any CPU
		{612F96C3-3EBD-4C13-9D4B-CB8CD78B5EBE}.AppStore|ARM.Build.0 = Release|Any CPU
		{612F96C3-3EBD-4C13-9D4B-CB8CD78B5EBE}.AppStore|ARM.Deploy.0 = Release|Any CPU
		{612F96C3-3EBD-4C13-9D4B-CB8CD78B5EBE}.AppStore|iPhone.ActiveCfg = Release|Any CPU
		{612F96C3-3EBD-4C13-9D4B-CB8CD78B5EBE}.AppStore|iPhone.Build.0 = Release|Any CPU
		{612F96C3-3EBD-4C13-9D4B-CB8CD78B5EBE}.AppStore|iPhone.Deploy.0 = Release|Any CPU
		{612F96C3-3EBD-4C13-9D4B-CB8CD78B5EBE}.AppStore|iPhoneSimulator.ActiveCfg = Release|Any CPU
		{612F96C3-3EBD-4C13-9D4B-CB8CD78B5EBE}.AppStore|iPhoneSimulator.Build.0 = Release|Any CPU
		{612F96C3-3EBD-4C13-9D4B-CB8CD78B5EBE}.AppStore|iPhoneSimulator.Deploy.0 = Release|Any CPU
		{612F96C3-3EBD-4C13-9D4B-CB8CD78B5EBE}.AppStore|x64.ActiveCfg = Release|Any CPU
		{612F96C3-3EBD-4C13-9D4B-CB8CD78B5EBE}.AppStore|x64.Build.0 = Release|Any CPU
		{612F96C3-3EBD-4C13-9D4B-CB8CD78B5EBE}.AppStore|x64.Deploy.0 = Release|Any CPU
		{612F96C3-3EBD-4C13-9D4B-CB8CD78B5EBE}.AppStore|x86.ActiveCfg = Release|Any CPU
		{612F96C3-3EBD-4C13-9D4B-CB8CD78B5EBE}.AppStore|x86.Build.0 = Release|Any CPU
		{612F96C3-3EBD-4C13-9D4B-CB8CD78B5EBE}.AppStore|x86.Deploy.0 = Release|Any CPU
		{612F96C3-3EBD-4C13-9D4B-CB8CD78B5EBE}.Debug|Any CPU.ActiveCfg = Debug|Any CPU
		{612F96C3-3EBD-4C13-9D4B-CB8CD78B5EBE}.Debug|Any CPU.Build.0 = Debug|Any CPU
		{612F96C3-3EBD-4C13-9D4B-CB8CD78B5EBE}.Debug|Any CPU.Deploy.0 = Debug|Any CPU
		{612F96C3-3EBD-4C13-9D4B-CB8CD78B5EBE}.Debug|ARM.ActiveCfg = Debug|Any CPU
		{612F96C3-3EBD-4C13-9D4B-CB8CD78B5EBE}.Debug|ARM.Build.0 = Debug|Any CPU
		{612F96C3-3EBD-4C13-9D4B-CB8CD78B5EBE}.Debug|ARM.Deploy.0 = Debug|Any CPU
		{612F96C3-3EBD-4C13-9D4B-CB8CD78B5EBE}.Debug|iPhone.ActiveCfg = Debug|Any CPU
		{612F96C3-3EBD-4C13-9D4B-CB8CD78B5EBE}.Debug|iPhone.Build.0 = Debug|Any CPU
		{612F96C3-3EBD-4C13-9D4B-CB8CD78B5EBE}.Debug|iPhone.Deploy.0 = Debug|Any CPU
		{612F96C3-3EBD-4C13-9D4B-CB8CD78B5EBE}.Debug|iPhoneSimulator.ActiveCfg = Debug|Any CPU
		{612F96C3-3EBD-4C13-9D4B-CB8CD78B5EBE}.Debug|iPhoneSimulator.Build.0 = Debug|Any CPU
		{612F96C3-3EBD-4C13-9D4B-CB8CD78B5EBE}.Debug|iPhoneSimulator.Deploy.0 = Debug|Any CPU
		{612F96C3-3EBD-4C13-9D4B-CB8CD78B5EBE}.Debug|x64.ActiveCfg = Debug|Any CPU
		{612F96C3-3EBD-4C13-9D4B-CB8CD78B5EBE}.Debug|x64.Build.0 = Debug|Any CPU
		{612F96C3-3EBD-4C13-9D4B-CB8CD78B5EBE}.Debug|x64.Deploy.0 = Debug|Any CPU
		{612F96C3-3EBD-4C13-9D4B-CB8CD78B5EBE}.Debug|x86.ActiveCfg = Debug|Any CPU
		{612F96C3-3EBD-4C13-9D4B-CB8CD78B5EBE}.Debug|x86.Build.0 = Debug|Any CPU
		{612F96C3-3EBD-4C13-9D4B-CB8CD78B5EBE}.Debug|x86.Deploy.0 = Debug|Any CPU
		{612F96C3-3EBD-4C13-9D4B-CB8CD78B5EBE}.Release|Any CPU.ActiveCfg = Release|Any CPU
		{612F96C3-3EBD-4C13-9D4B-CB8CD78B5EBE}.Release|Any CPU.Build.0 = Release|Any CPU
		{612F96C3-3EBD-4C13-9D4B-CB8CD78B5EBE}.Release|Any CPU.Deploy.0 = Release|Any CPU
		{612F96C3-3EBD-4C13-9D4B-CB8CD78B5EBE}.Release|ARM.ActiveCfg = Release|Any CPU
		{612F96C3-3EBD-4C13-9D4B-CB8CD78B5EBE}.Release|ARM.Build.0 = Release|Any CPU
		{612F96C3-3EBD-4C13-9D4B-CB8CD78B5EBE}.Release|ARM.Deploy.0 = Release|Any CPU
		{612F96C3-3EBD-4C13-9D4B-CB8CD78B5EBE}.Release|iPhone.ActiveCfg = Release|Any CPU
		{612F96C3-3EBD-4C13-9D4B-CB8CD78B5EBE}.Release|iPhone.Build.0 = Release|Any CPU
		{612F96C3-3EBD-4C13-9D4B-CB8CD78B5EBE}.Release|iPhone.Deploy.0 = Release|Any CPU
		{612F96C3-3EBD-4C13-9D4B-CB8CD78B5EBE}.Release|iPhoneSimulator.ActiveCfg = Release|Any CPU
		{612F96C3-3EBD-4C13-9D4B-CB8CD78B5EBE}.Release|iPhoneSimulator.Build.0 = Release|Any CPU
		{612F96C3-3EBD-4C13-9D4B-CB8CD78B5EBE}.Release|iPhoneSimulator.Deploy.0 = Release|Any CPU
		{612F96C3-3EBD-4C13-9D4B-CB8CD78B5EBE}.Release|x64.ActiveCfg = Release|Any CPU
		{612F96C3-3EBD-4C13-9D4B-CB8CD78B5EBE}.Release|x64.Build.0 = Release|Any CPU
		{612F96C3-3EBD-4C13-9D4B-CB8CD78B5EBE}.Release|x64.Deploy.0 = Release|Any CPU
		{612F96C3-3EBD-4C13-9D4B-CB8CD78B5EBE}.Release|x86.ActiveCfg = Release|Any CPU
		{612F96C3-3EBD-4C13-9D4B-CB8CD78B5EBE}.Release|x86.Build.0 = Release|Any CPU
		{612F96C3-3EBD-4C13-9D4B-CB8CD78B5EBE}.Release|x86.Deploy.0 = Release|Any CPU
		{92E6F647-9E8E-4485-8047-3A85959B2099}.Ad-Hoc|Any CPU.ActiveCfg = Release|Any CPU
		{92E6F647-9E8E-4485-8047-3A85959B2099}.Ad-Hoc|Any CPU.Build.0 = Release|Any CPU
		{92E6F647-9E8E-4485-8047-3A85959B2099}.Ad-Hoc|ARM.ActiveCfg = Release|Any CPU
		{92E6F647-9E8E-4485-8047-3A85959B2099}.Ad-Hoc|ARM.Build.0 = Release|Any CPU
		{92E6F647-9E8E-4485-8047-3A85959B2099}.Ad-Hoc|iPhone.ActiveCfg = Release|Any CPU
		{92E6F647-9E8E-4485-8047-3A85959B2099}.Ad-Hoc|iPhone.Build.0 = Release|Any CPU
		{92E6F647-9E8E-4485-8047-3A85959B2099}.Ad-Hoc|iPhoneSimulator.ActiveCfg = Release|Any CPU
		{92E6F647-9E8E-4485-8047-3A85959B2099}.Ad-Hoc|iPhoneSimulator.Build.0 = Release|Any CPU
		{92E6F647-9E8E-4485-8047-3A85959B2099}.Ad-Hoc|x64.ActiveCfg = Release|Any CPU
		{92E6F647-9E8E-4485-8047-3A85959B2099}.Ad-Hoc|x64.Build.0 = Release|Any CPU
		{92E6F647-9E8E-4485-8047-3A85959B2099}.Ad-Hoc|x86.ActiveCfg = Release|Any CPU
		{92E6F647-9E8E-4485-8047-3A85959B2099}.Ad-Hoc|x86.Build.0 = Release|Any CPU
		{92E6F647-9E8E-4485-8047-3A85959B2099}.AppStore|Any CPU.ActiveCfg = Release|Any CPU
		{92E6F647-9E8E-4485-8047-3A85959B2099}.AppStore|Any CPU.Build.0 = Release|Any CPU
		{92E6F647-9E8E-4485-8047-3A85959B2099}.AppStore|ARM.ActiveCfg = Release|Any CPU
		{92E6F647-9E8E-4485-8047-3A85959B2099}.AppStore|ARM.Build.0 = Release|Any CPU
		{92E6F647-9E8E-4485-8047-3A85959B2099}.AppStore|iPhone.ActiveCfg = Release|Any CPU
		{92E6F647-9E8E-4485-8047-3A85959B2099}.AppStore|iPhone.Build.0 = Release|Any CPU
		{92E6F647-9E8E-4485-8047-3A85959B2099}.AppStore|iPhoneSimulator.ActiveCfg = Release|Any CPU
		{92E6F647-9E8E-4485-8047-3A85959B2099}.AppStore|iPhoneSimulator.Build.0 = Release|Any CPU
		{92E6F647-9E8E-4485-8047-3A85959B2099}.AppStore|x64.ActiveCfg = Release|Any CPU
		{92E6F647-9E8E-4485-8047-3A85959B2099}.AppStore|x64.Build.0 = Release|Any CPU
		{92E6F647-9E8E-4485-8047-3A85959B2099}.AppStore|x86.ActiveCfg = Release|Any CPU
		{92E6F647-9E8E-4485-8047-3A85959B2099}.AppStore|x86.Build.0 = Release|Any CPU
		{92E6F647-9E8E-4485-8047-3A85959B2099}.Debug|Any CPU.ActiveCfg = Debug|Any CPU
		{92E6F647-9E8E-4485-8047-3A85959B2099}.Debug|Any CPU.Build.0 = Debug|Any CPU
		{92E6F647-9E8E-4485-8047-3A85959B2099}.Debug|ARM.ActiveCfg = Debug|Any CPU
		{92E6F647-9E8E-4485-8047-3A85959B2099}.Debug|ARM.Build.0 = Debug|Any CPU
		{92E6F647-9E8E-4485-8047-3A85959B2099}.Debug|iPhone.ActiveCfg = Debug|Any CPU
		{92E6F647-9E8E-4485-8047-3A85959B2099}.Debug|iPhone.Build.0 = Debug|Any CPU
		{92E6F647-9E8E-4485-8047-3A85959B2099}.Debug|iPhoneSimulator.ActiveCfg = Debug|Any CPU
		{92E6F647-9E8E-4485-8047-3A85959B2099}.Debug|iPhoneSimulator.Build.0 = Debug|Any CPU
		{92E6F647-9E8E-4485-8047-3A85959B2099}.Debug|x64.ActiveCfg = Debug|Any CPU
		{92E6F647-9E8E-4485-8047-3A85959B2099}.Debug|x64.Build.0 = Debug|Any CPU
		{92E6F647-9E8E-4485-8047-3A85959B2099}.Debug|x86.ActiveCfg = Debug|Any CPU
		{92E6F647-9E8E-4485-8047-3A85959B2099}.Debug|x86.Build.0 = Debug|Any CPU
		{92E6F647-9E8E-4485-8047-3A85959B2099}.Release|Any CPU.ActiveCfg = Release|Any CPU
		{92E6F647-9E8E-4485-8047-3A85959B2099}.Release|Any CPU.Build.0 = Release|Any CPU
		{92E6F647-9E8E-4485-8047-3A85959B2099}.Release|ARM.ActiveCfg = Release|Any CPU
		{92E6F647-9E8E-4485-8047-3A85959B2099}.Release|ARM.Build.0 = Release|Any CPU
		{92E6F647-9E8E-4485-8047-3A85959B2099}.Release|iPhone.ActiveCfg = Release|Any CPU
		{92E6F647-9E8E-4485-8047-3A85959B2099}.Release|iPhone.Build.0 = Release|Any CPU
		{92E6F647-9E8E-4485-8047-3A85959B2099}.Release|iPhoneSimulator.ActiveCfg = Release|Any CPU
		{92E6F647-9E8E-4485-8047-3A85959B2099}.Release|iPhoneSimulator.Build.0 = Release|Any CPU
		{92E6F647-9E8E-4485-8047-3A85959B2099}.Release|x64.ActiveCfg = Release|Any CPU
		{92E6F647-9E8E-4485-8047-3A85959B2099}.Release|x64.Build.0 = Release|Any CPU
		{92E6F647-9E8E-4485-8047-3A85959B2099}.Release|x86.ActiveCfg = Release|Any CPU
		{92E6F647-9E8E-4485-8047-3A85959B2099}.Release|x86.Build.0 = Release|Any CPU
		{F16F91FB-3784-4CB7-B48E-65AFB0D70461}.Ad-Hoc|Any CPU.ActiveCfg = Release|x86
		{F16F91FB-3784-4CB7-B48E-65AFB0D70461}.Ad-Hoc|Any CPU.Build.0 = Release|x86
		{F16F91FB-3784-4CB7-B48E-65AFB0D70461}.Ad-Hoc|Any CPU.Deploy.0 = Release|x86
		{F16F91FB-3784-4CB7-B48E-65AFB0D70461}.Ad-Hoc|ARM.ActiveCfg = Release|ARM
		{F16F91FB-3784-4CB7-B48E-65AFB0D70461}.Ad-Hoc|ARM.Build.0 = Release|ARM
		{F16F91FB-3784-4CB7-B48E-65AFB0D70461}.Ad-Hoc|ARM.Deploy.0 = Release|ARM
		{F16F91FB-3784-4CB7-B48E-65AFB0D70461}.Ad-Hoc|iPhone.ActiveCfg = Release|x86
		{F16F91FB-3784-4CB7-B48E-65AFB0D70461}.Ad-Hoc|iPhone.Build.0 = Release|x86
		{F16F91FB-3784-4CB7-B48E-65AFB0D70461}.Ad-Hoc|iPhone.Deploy.0 = Release|x86
		{F16F91FB-3784-4CB7-B48E-65AFB0D70461}.Ad-Hoc|iPhoneSimulator.ActiveCfg = Release|x86
		{F16F91FB-3784-4CB7-B48E-65AFB0D70461}.Ad-Hoc|iPhoneSimulator.Build.0 = Release|x86
		{F16F91FB-3784-4CB7-B48E-65AFB0D70461}.Ad-Hoc|iPhoneSimulator.Deploy.0 = Release|x86
		{F16F91FB-3784-4CB7-B48E-65AFB0D70461}.Ad-Hoc|x64.ActiveCfg = Release|x64
		{F16F91FB-3784-4CB7-B48E-65AFB0D70461}.Ad-Hoc|x64.Build.0 = Release|x64
		{F16F91FB-3784-4CB7-B48E-65AFB0D70461}.Ad-Hoc|x64.Deploy.0 = Release|x64
		{F16F91FB-3784-4CB7-B48E-65AFB0D70461}.Ad-Hoc|x86.ActiveCfg = Release|x86
		{F16F91FB-3784-4CB7-B48E-65AFB0D70461}.Ad-Hoc|x86.Build.0 = Release|x86
		{F16F91FB-3784-4CB7-B48E-65AFB0D70461}.Ad-Hoc|x86.Deploy.0 = Release|x86
		{F16F91FB-3784-4CB7-B48E-65AFB0D70461}.AppStore|Any CPU.ActiveCfg = Release|x86
		{F16F91FB-3784-4CB7-B48E-65AFB0D70461}.AppStore|Any CPU.Build.0 = Release|x86
		{F16F91FB-3784-4CB7-B48E-65AFB0D70461}.AppStore|Any CPU.Deploy.0 = Release|x86
		{F16F91FB-3784-4CB7-B48E-65AFB0D70461}.AppStore|ARM.ActiveCfg = Release|ARM
		{F16F91FB-3784-4CB7-B48E-65AFB0D70461}.AppStore|ARM.Build.0 = Release|ARM
		{F16F91FB-3784-4CB7-B48E-65AFB0D70461}.AppStore|ARM.Deploy.0 = Release|ARM
		{F16F91FB-3784-4CB7-B48E-65AFB0D70461}.AppStore|iPhone.ActiveCfg = Release|x86
		{F16F91FB-3784-4CB7-B48E-65AFB0D70461}.AppStore|iPhone.Build.0 = Release|x86
		{F16F91FB-3784-4CB7-B48E-65AFB0D70461}.AppStore|iPhone.Deploy.0 = Release|x86
		{F16F91FB-3784-4CB7-B48E-65AFB0D70461}.AppStore|iPhoneSimulator.ActiveCfg = Release|x86
		{F16F91FB-3784-4CB7-B48E-65AFB0D70461}.AppStore|iPhoneSimulator.Build.0 = Release|x86
		{F16F91FB-3784-4CB7-B48E-65AFB0D70461}.AppStore|iPhoneSimulator.Deploy.0 = Release|x86
		{F16F91FB-3784-4CB7-B48E-65AFB0D70461}.AppStore|x64.ActiveCfg = Release|x64
		{F16F91FB-3784-4CB7-B48E-65AFB0D70461}.AppStore|x64.Build.0 = Release|x64
		{F16F91FB-3784-4CB7-B48E-65AFB0D70461}.AppStore|x64.Deploy.0 = Release|x64
		{F16F91FB-3784-4CB7-B48E-65AFB0D70461}.AppStore|x86.ActiveCfg = Release|x86
		{F16F91FB-3784-4CB7-B48E-65AFB0D70461}.AppStore|x86.Build.0 = Release|x86
		{F16F91FB-3784-4CB7-B48E-65AFB0D70461}.AppStore|x86.Deploy.0 = Release|x86
		{F16F91FB-3784-4CB7-B48E-65AFB0D70461}.Debug|Any CPU.ActiveCfg = Debug|x86
		{F16F91FB-3784-4CB7-B48E-65AFB0D70461}.Debug|ARM.ActiveCfg = Debug|ARM
		{F16F91FB-3784-4CB7-B48E-65AFB0D70461}.Debug|ARM.Build.0 = Debug|ARM
		{F16F91FB-3784-4CB7-B48E-65AFB0D70461}.Debug|ARM.Deploy.0 = Debug|ARM
		{F16F91FB-3784-4CB7-B48E-65AFB0D70461}.Debug|iPhone.ActiveCfg = Debug|x86
		{F16F91FB-3784-4CB7-B48E-65AFB0D70461}.Debug|iPhoneSimulator.ActiveCfg = Debug|x86
		{F16F91FB-3784-4CB7-B48E-65AFB0D70461}.Debug|x64.ActiveCfg = Debug|x64
		{F16F91FB-3784-4CB7-B48E-65AFB0D70461}.Debug|x64.Build.0 = Debug|x64
		{F16F91FB-3784-4CB7-B48E-65AFB0D70461}.Debug|x64.Deploy.0 = Debug|x64
		{F16F91FB-3784-4CB7-B48E-65AFB0D70461}.Debug|x86.ActiveCfg = Debug|x86
		{F16F91FB-3784-4CB7-B48E-65AFB0D70461}.Debug|x86.Build.0 = Debug|x86
		{F16F91FB-3784-4CB7-B48E-65AFB0D70461}.Debug|x86.Deploy.0 = Debug|x86
		{F16F91FB-3784-4CB7-B48E-65AFB0D70461}.Release|Any CPU.ActiveCfg = Release|x86
		{F16F91FB-3784-4CB7-B48E-65AFB0D70461}.Release|ARM.ActiveCfg = Release|ARM
		{F16F91FB-3784-4CB7-B48E-65AFB0D70461}.Release|ARM.Build.0 = Release|ARM
		{F16F91FB-3784-4CB7-B48E-65AFB0D70461}.Release|ARM.Deploy.0 = Release|ARM
		{F16F91FB-3784-4CB7-B48E-65AFB0D70461}.Release|iPhone.ActiveCfg = Release|x86
		{F16F91FB-3784-4CB7-B48E-65AFB0D70461}.Release|iPhoneSimulator.ActiveCfg = Release|x86
		{F16F91FB-3784-4CB7-B48E-65AFB0D70461}.Release|x64.ActiveCfg = Release|x64
		{F16F91FB-3784-4CB7-B48E-65AFB0D70461}.Release|x64.Build.0 = Release|x64
		{F16F91FB-3784-4CB7-B48E-65AFB0D70461}.Release|x64.Deploy.0 = Release|x64
		{F16F91FB-3784-4CB7-B48E-65AFB0D70461}.Release|x86.ActiveCfg = Release|x86
		{F16F91FB-3784-4CB7-B48E-65AFB0D70461}.Release|x86.Build.0 = Release|x86
		{F16F91FB-3784-4CB7-B48E-65AFB0D70461}.Release|x86.Deploy.0 = Release|x86
		{29498C3A-F12A-4FF0-8062-43314056671E}.Ad-Hoc|Any CPU.ActiveCfg = Ad-Hoc|iPhone
		{29498C3A-F12A-4FF0-8062-43314056671E}.Ad-Hoc|ARM.ActiveCfg = Ad-Hoc|iPhone
		{29498C3A-F12A-4FF0-8062-43314056671E}.Ad-Hoc|iPhone.ActiveCfg = Ad-Hoc|iPhone
		{29498C3A-F12A-4FF0-8062-43314056671E}.Ad-Hoc|iPhone.Build.0 = Ad-Hoc|iPhone
		{29498C3A-F12A-4FF0-8062-43314056671E}.Ad-Hoc|iPhoneSimulator.ActiveCfg = Ad-Hoc|iPhoneSimulator
		{29498C3A-F12A-4FF0-8062-43314056671E}.Ad-Hoc|iPhoneSimulator.Build.0 = Ad-Hoc|iPhoneSimulator
		{29498C3A-F12A-4FF0-8062-43314056671E}.Ad-Hoc|x64.ActiveCfg = Ad-Hoc|iPhone
		{29498C3A-F12A-4FF0-8062-43314056671E}.Ad-Hoc|x86.ActiveCfg = Ad-Hoc|iPhone
		{29498C3A-F12A-4FF0-8062-43314056671E}.AppStore|Any CPU.ActiveCfg = AppStore|iPhone
		{29498C3A-F12A-4FF0-8062-43314056671E}.AppStore|ARM.ActiveCfg = AppStore|iPhone
		{29498C3A-F12A-4FF0-8062-43314056671E}.AppStore|iPhone.ActiveCfg = AppStore|iPhone
		{29498C3A-F12A-4FF0-8062-43314056671E}.AppStore|iPhone.Build.0 = AppStore|iPhone
		{29498C3A-F12A-4FF0-8062-43314056671E}.AppStore|iPhoneSimulator.ActiveCfg = AppStore|iPhoneSimulator
		{29498C3A-F12A-4FF0-8062-43314056671E}.AppStore|iPhoneSimulator.Build.0 = AppStore|iPhoneSimulator
		{29498C3A-F12A-4FF0-8062-43314056671E}.AppStore|x64.ActiveCfg = AppStore|iPhone
		{29498C3A-F12A-4FF0-8062-43314056671E}.AppStore|x86.ActiveCfg = AppStore|iPhone
		{29498C3A-F12A-4FF0-8062-43314056671E}.Debug|Any CPU.ActiveCfg = Debug|iPhone
		{29498C3A-F12A-4FF0-8062-43314056671E}.Debug|ARM.ActiveCfg = Debug|iPhone
		{29498C3A-F12A-4FF0-8062-43314056671E}.Debug|iPhone.ActiveCfg = Debug|iPhone
		{29498C3A-F12A-4FF0-8062-43314056671E}.Debug|iPhone.Build.0 = Debug|iPhone
		{29498C3A-F12A-4FF0-8062-43314056671E}.Debug|iPhoneSimulator.ActiveCfg = Debug|iPhoneSimulator
		{29498C3A-F12A-4FF0-8062-43314056671E}.Debug|iPhoneSimulator.Build.0 = Debug|iPhoneSimulator
		{29498C3A-F12A-4FF0-8062-43314056671E}.Debug|x64.ActiveCfg = Debug|iPhone
		{29498C3A-F12A-4FF0-8062-43314056671E}.Debug|x86.ActiveCfg = Debug|iPhone
		{29498C3A-F12A-4FF0-8062-43314056671E}.Release|Any CPU.ActiveCfg = Release|iPhone
		{29498C3A-F12A-4FF0-8062-43314056671E}.Release|ARM.ActiveCfg = Release|iPhone
		{29498C3A-F12A-4FF0-8062-43314056671E}.Release|iPhone.ActiveCfg = Release|iPhone
		{29498C3A-F12A-4FF0-8062-43314056671E}.Release|iPhone.Build.0 = Release|iPhone
		{29498C3A-F12A-4FF0-8062-43314056671E}.Release|iPhoneSimulator.ActiveCfg = Release|iPhoneSimulator
		{29498C3A-F12A-4FF0-8062-43314056671E}.Release|iPhoneSimulator.Build.0 = Release|iPhoneSimulator
		{29498C3A-F12A-4FF0-8062-43314056671E}.Release|x64.ActiveCfg = Release|iPhone
		{29498C3A-F12A-4FF0-8062-43314056671E}.Release|x86.ActiveCfg = Release|iPhone
	EndGlobalSection
	GlobalSection(SolutionProperties) = preSolution
		HideSolutionNode = FALSE
	EndGlobalSection
	GlobalSection(ExtensibilityGlobals) = postSolution
		SolutionGuid = {D99DB5C5-A8C2-4234-B94C-A2BA24AC4460}
	EndGlobalSection
EndGlobal
